
Microsoft Visual Studio Solution File, Format Version 12.00
# Visual Studio Version 17
VisualStudioVersion = 17.8.34525.116
MinimumVisualStudioVersion = 10.0.40219.1
Project("{FAE04EC0-301F-11D3-BF4B-00C04F79EFBC}") = "Week3IfandSwitch", "Week3IfandSwitch\Week3IfandSwitch.csproj", "{C00573FA-DBB2-44B2-8FC2-3AF85BC97571}"
EndProject
Project("{FAE04EC0-301F-11D3-BF4B-00C04F79EFBC}") = "OddOrEven", "OddOrEven\OddOrEven.csproj", "{66CB0DA7-FF7A-4D32-8F49-5B94B1C8C4AD}"
EndProject
Project("{FAE04EC0-301F-11D3-BF4B-00C04F79EFBC}") = "IfDayOfTheWeek", "IfDayOfTheWeek\IfDayOfTheWeek.csproj", "{9734EAD9-6B23-4437-886F-1B5D6B6D4AE6}"
EndProject
Project("{FAE04EC0-301F-11D3-BF4B-00C04F79EFBC}") = "SwitchDayOfTheWeek", "SwitchDayOfTheWeek\SwitchDayOfTheWeek.csproj", "{60595599-A66C-4A21-9FD2-DA87A82761AE}"
EndProject
Global
	GlobalSection(SolutionConfigurationPlatforms) = preSolution
		Debug|Any CPU = Debug|Any CPU
		Release|Any CPU = Release|Any CPU
	EndGlobalSection
	GlobalSection(ProjectConfigurationPlatforms) = postSolution
		{C00573FA-DBB2-44B2-8FC2-3AF85BC97571}.Debug|Any CPU.ActiveCfg = Debug|Any CPU
		{C00573FA-DBB2-44B2-8FC2-3AF85BC97571}.Debug|Any CPU.Build.0 = Debug|Any CPU
		{C00573FA-DBB2-44B2-8FC2-3AF85BC97571}.Release|Any CPU.ActiveCfg = Release|Any CPU
		{C00573FA-DBB2-44B2-8FC2-3AF85BC97571}.Release|Any CPU.Build.0 = Release|Any CPU
		{66CB0DA7-FF7A-4D32-8F49-5B94B1C8C4AD}.Debug|Any CPU.ActiveCfg = Debug|Any CPU
		{66CB0DA7-FF7A-4D32-8F49-5B94B1C8C4AD}.Debug|Any CPU.Build.0 = Debug|Any CPU
		{66CB0DA7-FF7A-4D32-8F49-5B94B1C8C4AD}.Release|Any CPU.ActiveCfg = Release|Any CPU
		{66CB0DA7-FF7A-4D32-8F49-5B94B1C8C4AD}.Release|Any CPU.Build.0 = Release|Any CPU
		{9734EAD9-6B23-4437-886F-1B5D6B6D4AE6}.Debug|Any CPU.ActiveCfg = Debug|Any CPU
		{9734EAD9-6B23-4437-886F-1B5D6B6D4AE6}.Debug|Any CPU.Build.0 = Debug|Any CPU
		{9734EAD9-6B23-4437-886F-1B5D6B6D4AE6}.Release|Any CPU.ActiveCfg = Release|Any CPU
		{9734EAD9-6B23-4437-886F-1B5D6B6D4AE6}.Release|Any CPU.Build.0 = Release|Any CPU
		{60595599-A66C-4A21-9FD2-DA87A82761AE}.Debug|Any CPU.ActiveCfg = Debug|Any CPU
		{60595599-A66C-4A21-9FD2-DA87A82761AE}.Debug|Any CPU.Build.0 = Debug|Any CPU
		{60595599-A66C-4A21-9FD2-DA87A82761AE}.Release|Any CPU.ActiveCfg = Release|Any CPU
		{60595599-A66C-4A21-9FD2-DA87A82761AE}.Release|Any CPU.Build.0 = Release|Any CPU
	EndGlobalSection
	GlobalSection(SolutionProperties) = preSolution
		HideSolutionNode = FALSE
	EndGlobalSection
	GlobalSection(ExtensibilityGlobals) = postSolution
		SolutionGuid = {A950F0DD-31B3-4196-A4C8-86466D1465DA}
	EndGlobalSection
EndGlobal
